// !$*UTF8*$!
{
	archiveVersion = 1;
	classes = {
	};
	objectVersion = 55;
	objects = {

/* Begin PBXBuildFile section */
		3D0B9AB0EAC2860E42E382EC /* Pods_App_do_chucknorris.framework in Frameworks */ = {isa = PBXBuildFile; fileRef = 4D38BC4EC374579E602E7429 /* Pods_App_do_chucknorris.framework */; };
		8D1F66582908A79800688E06 /* ChucknorrisModel.swift in Sources */ = {isa = PBXBuildFile; fileRef = 8D1F66572908A79800688E06 /* ChucknorrisModel.swift */; };
		8D1F665A2908AEA800688E06 /* ChucknorrisViewModel.swift in Sources */ = {isa = PBXBuildFile; fileRef = 8D1F66592908AEA800688E06 /* ChucknorrisViewModel.swift */; };
		8DAA33C22909DF5C001DB06B /* ChucknorrisView.swift in Sources */ = {isa = PBXBuildFile; fileRef = 8DAA33C12909DF5B001DB06B /* ChucknorrisView.swift */; };
		8DDA935929089C4500DEC85D /* AppDelegate.swift in Sources */ = {isa = PBXBuildFile; fileRef = 8DDA935829089C4500DEC85D /* AppDelegate.swift */; };
		8DDA935B29089C4500DEC85D /* SceneDelegate.swift in Sources */ = {isa = PBXBuildFile; fileRef = 8DDA935A29089C4500DEC85D /* SceneDelegate.swift */; };
		8DDA935D29089C4500DEC85D /* ViewController.swift in Sources */ = {isa = PBXBuildFile; fileRef = 8DDA935C29089C4500DEC85D /* ViewController.swift */; };
		8DDA936029089C4500DEC85D /* Main.storyboard in Resources */ = {isa = PBXBuildFile; fileRef = 8DDA935E29089C4500DEC85D /* Main.storyboard */; };
		8DDA936229089C4A00DEC85D /* Assets.xcassets in Resources */ = {isa = PBXBuildFile; fileRef = 8DDA936129089C4A00DEC85D /* Assets.xcassets */; };
		8DDA936529089C4A00DEC85D /* LaunchScreen.storyboard in Resources */ = {isa = PBXBuildFile; fileRef = 8DDA936329089C4A00DEC85D /* LaunchScreen.storyboard */; };
		8DDA93722908A0F100DEC85D /* ChucknorrisAPI.swift in Sources */ = {isa = PBXBuildFile; fileRef = 8DDA93712908A0F100DEC85D /* ChucknorrisAPI.swift */; };
/* End PBXBuildFile section */

/* Begin PBXFileReference section */
		4D38BC4EC374579E602E7429 /* Pods_App_do_chucknorris.framework */ = {isa = PBXFileReference; explicitFileType = wrapper.framework; includeInIndex = 0; path = Pods_App_do_chucknorris.framework; sourceTree = BUILT_PRODUCTS_DIR; };
		6FE37F2D51F3031F3AD297CE /* Pods-App do chucknorris.debug.xcconfig */ = {isa = PBXFileReference; includeInIndex = 1; lastKnownFileType = text.xcconfig; name = "Pods-App do chucknorris.debug.xcconfig"; path = "Target Support Files/Pods-App do chucknorris/Pods-App do chucknorris.debug.xcconfig"; sourceTree = "<group>"; };
		8D1F66572908A79800688E06 /* ChucknorrisModel.swift */ = {isa = PBXFileReference; lastKnownFileType = sourcecode.swift; path = ChucknorrisModel.swift; sourceTree = "<group>"; };
		8D1F66592908AEA800688E06 /* ChucknorrisViewModel.swift */ = {isa = PBXFileReference; lastKnownFileType = sourcecode.swift; path = ChucknorrisViewModel.swift; sourceTree = "<group>"; };
		8DAA33C12909DF5B001DB06B /* ChucknorrisView.swift */ = {isa = PBXFileReference; lastKnownFileType = sourcecode.swift; path = ChucknorrisView.swift; sourceTree = "<group>"; };
		8DDA935529089C4500DEC85D /* App do chucknorris.app */ = {isa = PBXFileReference; explicitFileType = wrapper.application; includeInIndex = 0; path = "App do chucknorris.app"; sourceTree = BUILT_PRODUCTS_DIR; };
		8DDA935829089C4500DEC85D /* AppDelegate.swift */ = {isa = PBXFileReference; lastKnownFileType = sourcecode.swift; path = AppDelegate.swift; sourceTree = "<group>"; };
		8DDA935A29089C4500DEC85D /* SceneDelegate.swift */ = {isa = PBXFileReference; lastKnownFileType = sourcecode.swift; path = SceneDelegate.swift; sourceTree = "<group>"; };
		8DDA935C29089C4500DEC85D /* ViewController.swift */ = {isa = PBXFileReference; lastKnownFileType = sourcecode.swift; path = ViewController.swift; sourceTree = "<group>"; };
		8DDA935F29089C4500DEC85D /* Base */ = {isa = PBXFileReference; lastKnownFileType = file.storyboard; name = Base; path = Base.lproj/Main.storyboard; sourceTree = "<group>"; };
		8DDA936129089C4A00DEC85D /* Assets.xcassets */ = {isa = PBXFileReference; lastKnownFileType = folder.assetcatalog; path = Assets.xcassets; sourceTree = "<group>"; };
		8DDA936429089C4A00DEC85D /* Base */ = {isa = PBXFileReference; lastKnownFileType = file.storyboard; name = Base; path = Base.lproj/LaunchScreen.storyboard; sourceTree = "<group>"; };
		8DDA936629089C4A00DEC85D /* Info.plist */ = {isa = PBXFileReference; lastKnownFileType = text.plist.xml; path = Info.plist; sourceTree = "<group>"; };
		8DDA93712908A0F100DEC85D /* ChucknorrisAPI.swift */ = {isa = PBXFileReference; lastKnownFileType = sourcecode.swift; path = ChucknorrisAPI.swift; sourceTree = "<group>"; };
		ED7EAC63AC4F4519FA2D2FB6 /* Pods-App do chucknorris.release.xcconfig */ = {isa = PBXFileReference; includeInIndex = 1; lastKnownFileType = text.xcconfig; name = "Pods-App do chucknorris.release.xcconfig"; path = "Target Support Files/Pods-App do chucknorris/Pods-App do chucknorris.release.xcconfig"; sourceTree = "<group>"; };
/* End PBXFileReference section */

/* Begin PBXFrameworksBuildPhase section */
		8DDA935229089C4500DEC85D /* Frameworks */ = {
			isa = PBXFrameworksBuildPhase;
			buildActionMask = 2147483647;
			files = (
				3D0B9AB0EAC2860E42E382EC /* Pods_App_do_chucknorris.framework in Frameworks */,
			);
			runOnlyForDeploymentPostprocessing = 0;
		};
/* End PBXFrameworksBuildPhase section */

/* Begin PBXGroup section */
		0DE5206608A5CBF8BF8580D9 /* Pods */ = {
			isa = PBXGroup;
			children = (
				6FE37F2D51F3031F3AD297CE /* Pods-App do chucknorris.debug.xcconfig */,
				ED7EAC63AC4F4519FA2D2FB6 /* Pods-App do chucknorris.release.xcconfig */,
			);
			path = Pods;
			sourceTree = "<group>";
		};
		3C891C9FF708362A94B9F123 /* Frameworks */ = {
			isa = PBXGroup;
			children = (
				4D38BC4EC374579E602E7429 /* Pods_App_do_chucknorris.framework */,
			);
			name = Frameworks;
			sourceTree = "<group>";
		};
		8DDA934C29089C4500DEC85D = {
			isa = PBXGroup;
			children = (
				8DDA935729089C4500DEC85D /* App do chucknorris */,
				8DDA935629089C4500DEC85D /* Products */,
				0DE5206608A5CBF8BF8580D9 /* Pods */,
				3C891C9FF708362A94B9F123 /* Frameworks */,
			);
			sourceTree = "<group>";
		};
		8DDA935629089C4500DEC85D /* Products */ = {
			isa = PBXGroup;
			children = (
				8DDA935529089C4500DEC85D /* App do chucknorris.app */,
			);
			name = Products;
			sourceTree = "<group>";
		};
		8DDA935729089C4500DEC85D /* App do chucknorris */ = {
			isa = PBXGroup;
			children = (
				8DDA93702908A01A00DEC85D /* API */,
				8DDA936F29089FED00DEC85D /* view */,
				8DDA936E29089FD800DEC85D /* ViewController */,
				8DDA936D29089FBD00DEC85D /* ViewModel */,
				8DDA936C29089F9100DEC85D /* Model */,
				8DDA935829089C4500DEC85D /* AppDelegate.swift */,
				8DDA935A29089C4500DEC85D /* SceneDelegate.swift */,
				8DDA935E29089C4500DEC85D /* Main.storyboard */,
				8DDA936129089C4A00DEC85D /* Assets.xcassets */,
				8DDA936329089C4A00DEC85D /* LaunchScreen.storyboard */,
				8DDA936629089C4A00DEC85D /* Info.plist */,
			);
			path = "App do chucknorris";
			sourceTree = "<group>";
		};
		8DDA936C29089F9100DEC85D /* Model */ = {
			isa = PBXGroup;
			children = (
				8D1F66572908A79800688E06 /* ChucknorrisModel.swift */,
			);
			path = Model;
			sourceTree = "<group>";
		};
		8DDA936D29089FBD00DEC85D /* ViewModel */ = {
			isa = PBXGroup;
			children = (
				8D1F66592908AEA800688E06 /* ChucknorrisViewModel.swift */,
			);
			path = ViewModel;
			sourceTree = "<group>";
		};
		8DDA936E29089FD800DEC85D /* ViewController */ = {
			isa = PBXGroup;
			children = (
				8DDA935C29089C4500DEC85D /* ViewController.swift */,
			);
			path = ViewController;
			sourceTree = "<group>";
		};
		8DDA936F29089FED00DEC85D /* view */ = {
			isa = PBXGroup;
			children = (
				8DAA33C12909DF5B001DB06B /* ChucknorrisView.swift */,
			);
			path = view;
			sourceTree = "<group>";
		};
		8DDA93702908A01A00DEC85D /* API */ = {
			isa = PBXGroup;
			children = (
				8DDA93712908A0F100DEC85D /* ChucknorrisAPI.swift */,
			);
			path = API;
			sourceTree = "<group>";
		};
/* End PBXGroup section */

/* Begin PBXNativeTarget section */
		8DDA935429089C4500DEC85D /* App do chucknorris */ = {
			isa = PBXNativeTarget;
			buildConfigurationList = 8DDA936929089C4A00DEC85D /* Build configuration list for PBXNativeTarget "App do chucknorris" */;
			buildPhases = (
				C0EDA45748234F62156358C8 /* [CP] Check Pods Manifest.lock */,
				8DDA935129089C4500DEC85D /* Sources */,
				8DDA935229089C4500DEC85D /* Frameworks */,
				8DDA935329089C4500DEC85D /* Resources */,
				09F085E3D89C81F6CA7801A3 /* [CP] Embed Pods Frameworks */,
			);
			buildRules = (
			);
			dependencies = (
			);
			name = "App do chucknorris";
			productName = "App do chucknorris";
			productReference = 8DDA935529089C4500DEC85D /* App do chucknorris.app */;
			productType = "com.apple.product-type.application";
		};
/* End PBXNativeTarget section */

/* Begin PBXProject section */
		8DDA934D29089C4500DEC85D /* Project object */ = {
			isa = PBXProject;
			attributes = {
				BuildIndependentTargetsInParallel = 1;
				LastSwiftUpdateCheck = 1340;
				LastUpgradeCheck = 1340;
				TargetAttributes = {
					8DDA935429089C4500DEC85D = {
						CreatedOnToolsVersion = 13.4.1;
					};
				};
			};
			buildConfigurationList = 8DDA935029089C4500DEC85D /* Build configuration list for PBXProject "App do chucknorris" */;
			compatibilityVersion = "Xcode 13.0";
			developmentRegion = en;
			hasScannedForEncodings = 0;
			knownRegions = (
				en,
				Base,
			);
			mainGroup = 8DDA934C29089C4500DEC85D;
			productRefGroup = 8DDA935629089C4500DEC85D /* Products */;
			projectDirPath = "";
			projectRoot = "";
			targets = (
				8DDA935429089C4500DEC85D /* App do chucknorris */,
			);
		};
/* End PBXProject section */

/* Begin PBXResourcesBuildPhase section */
		8DDA935329089C4500DEC85D /* Resources */ = {
			isa = PBXResourcesBuildPhase;
			buildActionMask = 2147483647;
			files = (
				8DDA936529089C4A00DEC85D /* LaunchScreen.storyboard in Resources */,
				8DDA936229089C4A00DEC85D /* Assets.xcassets in Resources */,
				8DDA936029089C4500DEC85D /* Main.storyboard in Resources */,
			);
			runOnlyForDeploymentPostprocessing = 0;
		};
/* End PBXResourcesBuildPhase section */

/* Begin PBXShellScriptBuildPhase section */
		09F085E3D89C81F6CA7801A3 /* [CP] Embed Pods Frameworks */ = {
			isa = PBXShellScriptBuildPhase;
			buildActionMask = 2147483647;
			files = (
			);
			inputFileListPaths = (
				"${PODS_ROOT}/Target Support Files/Pods-App do chucknorris/Pods-App do chucknorris-frameworks-${CONFIGURATION}-input-files.xcfilelist",
			);
			name = "[CP] Embed Pods Frameworks";
			outputFileListPaths = (
				"${PODS_ROOT}/Target Support Files/Pods-App do chucknorris/Pods-App do chucknorris-frameworks-${CONFIGURATION}-output-files.xcfilelist",
			);
			runOnlyForDeploymentPostprocessing = 0;
			shellPath = /bin/sh;
			shellScript = "\"${PODS_ROOT}/Target Support Files/Pods-App do chucknorris/Pods-App do chucknorris-frameworks.sh\"\n";
			showEnvVarsInLog = 0;
		};
		C0EDA45748234F62156358C8 /* [CP] Check Pods Manifest.lock */ = {
			isa = PBXShellScriptBuildPhase;
			buildActionMask = 2147483647;
			files = (
			);
			inputFileListPaths = (
			);
			inputPaths = (
				"${PODS_PODFILE_DIR_PATH}/Podfile.lock",
				"${PODS_ROOT}/Manifest.lock",
			);
			name = "[CP] Check Pods Manifest.lock";
			outputFileListPaths = (
			);
			outputPaths = (
				"$(DERIVED_FILE_DIR)/Pods-App do chucknorris-checkManifestLockResult.txt",
			);
			runOnlyForDeploymentPostprocessing = 0;
			shellPath = /bin/sh;
			shellScript = "diff \"${PODS_PODFILE_DIR_PATH}/Podfile.lock\" \"${PODS_ROOT}/Manifest.lock\" > /dev/null\nif [ $? != 0 ] ; then\n    # print error to STDERR\n    echo \"error: The sandbox is not in sync with the Podfile.lock. Run 'pod install' or update your CocoaPods installation.\" >&2\n    exit 1\nfi\n# This output is used by Xcode 'outputs' to avoid re-running this script phase.\necho \"SUCCESS\" > \"${SCRIPT_OUTPUT_FILE_0}\"\n";
			showEnvVarsInLog = 0;
		};
/* End PBXShellScriptBuildPhase section */

/* Begin PBXSourcesBuildPhase section */
		8DDA935129089C4500DEC85D /* Sources */ = {
			isa = PBXSourcesBuildPhase;
			buildActionMask = 2147483647;
			files = (
				8DDA93722908A0F100DEC85D /* ChucknorrisAPI.swift in Sources */,
				8DDA935D29089C4500DEC85D /* ViewController.swift in Sources */,
				8DDA935929089C4500DEC85D /* AppDelegate.swift in Sources */,
				8D1F66582908A79800688E06 /* ChucknorrisModel.swift in Sources */,
				8D1F665A2908AEA800688E06 /* ChucknorrisViewModel.swift in Sources */,
				8DDA935B29089C4500DEC85D /* SceneDelegate.swift in Sources */,
				8DAA33C22909DF5C001DB06B /* ChucknorrisView.swift in Sources */,
			);
			runOnlyForDeploymentPostprocessing = 0;
		};
/* End PBXSourcesBuildPhase section */

/* Begin PBXVariantGroup section */
		8DDA935E29089C4500DEC85D /* Main.storyboard */ = {
			isa = PBXVariantGroup;
			children = (
				8DDA935F29089C4500DEC85D /* Base */,
			);
			name = Main.storyboard;
			sourceTree = "<group>";
		};
		8DDA936329089C4A00DEC85D /* LaunchScreen.storyboard */ = {
			isa = PBXVariantGroup;
			children = (
				8DDA936429089C4A00DEC85D /* Base */,
			);
			name = LaunchScreen.storyboard;
			sourceTree = "<group>";
		};
/* End PBXVariantGroup section */

/* Begin XCBuildConfiguration section */
		8DDA936729089C4A00DEC85D /* Debug */ = {
			isa = XCBuildConfiguration;
			buildSettings = {
				ALWAYS_SEARCH_USER_PATHS = NO;
				CLANG_ANALYZER_NONNULL = YES;
				CLANG_ANALYZER_NUMBER_OBJECT_CONVERSION = YES_AGGRESSIVE;
				CLANG_CXX_LANGUAGE_STANDARD = "gnu++17";
				CLANG_ENABLE_MODULES = YES;
				CLANG_ENABLE_OBJC_ARC = YES;
				CLANG_ENABLE_OBJC_WEAK = YES;
				CLANG_WARN_BLOCK_CAPTURE_AUTORELEASING = YES;
				CLANG_WARN_BOOL_CONVERSION = YES;
				CLANG_WARN_COMMA = YES;
				CLANG_WARN_CONSTANT_CONVERSION = YES;
				CLANG_WARN_DEPRECATED_OBJC_IMPLEMENTATIONS = YES;
				CLANG_WARN_DIRECT_OBJC_ISA_USAGE = YES_ERROR;
				CLANG_WARN_DOCUMENTATION_COMMENTS = YES;
				CLANG_WARN_EMPTY_BODY = YES;
				CLANG_WARN_ENUM_CONVERSION = YES;
				CLANG_WARN_INFINITE_RECURSION = YES;
				CLANG_WARN_INT_CONVERSION = YES;
				CLANG_WARN_NON_LITERAL_NULL_CONVERSION = YES;
				CLANG_WARN_OBJC_IMPLICIT_RETAIN_SELF = YES;
				CLANG_WARN_OBJC_LITERAL_CONVERSION = YES;
				CLANG_WARN_OBJC_ROOT_CLASS = YES_ERROR;
				CLANG_WARN_QUOTED_INCLUDE_IN_FRAMEWORK_HEADER = YES;
				CLANG_WARN_RANGE_LOOP_ANALYSIS = YES;
				CLANG_WARN_STRICT_PROTOTYPES = YES;
				CLANG_WARN_SUSPICIOUS_MOVE = YES;
				CLANG_WARN_UNGUARDED_AVAILABILITY = YES_AGGRESSIVE;
				CLANG_WARN_UNREACHABLE_CODE = YES;
				CLANG_WARN__DUPLICATE_METHOD_MATCH = YES;
				COPY_PHASE_STRIP = NO;
				DEBUG_INFORMATION_FORMAT = dwarf;
				ENABLE_STRICT_OBJC_MSGSEND = YES;
				ENABLE_TESTABILITY = YES;
				GCC_C_LANGUAGE_STANDARD = gnu11;
				GCC_DYNAMIC_NO_PIC = NO;
				GCC_NO_COMMON_BLOCKS = YES;
				GCC_OPTIMIZATION_LEVEL = 0;
				GCC_PREPROCESSOR_DEFINITIONS = (
					"DEBUG=1",
					"$(inherited)",
				);
				GCC_WARN_64_TO_32_BIT_CONVERSION = YES;
				GCC_WARN_ABOUT_RETURN_TYPE = YES_ERROR;
				GCC_WARN_UNDECLARED_SELECTOR = YES;
				GCC_WARN_UNINITIALIZED_AUTOS = YES_AGGRESSIVE;
				GCC_WARN_UNUSED_FUNCTION = YES;
				GCC_WARN_UNUSED_VARIABLE = YES;
				IPHONEOS_DEPLOYMENT_TARGET = 15.5;
				MTL_ENABLE_DEBUG_INFO = INCLUDE_SOURCE;
				MTL_FAST_MATH = YES;
				ONLY_ACTIVE_ARCH = YES;
				SDKROOT = iphoneos;
				SWIFT_ACTIVE_COMPILATION_CONDITIONS = DEBUG;
				SWIFT_OPTIMIZATION_LEVEL = "-Onone";
			};
			name = Debug;
		};
		8DDA936829089C4A00DEC85D /* Release */ = {
			isa = XCBuildConfiguration;
			buildSettings = {
				ALWAYS_SEARCH_USER_PATHS = NO;
				CLANG_ANALYZER_NONNULL = YES;
				CLANG_ANALYZER_NUMBER_OBJECT_CONVERSION = YES_AGGRESSIVE;
				CLANG_CXX_LANGUAGE_STANDARD = "gnu++17";
				CLANG_ENABLE_MODULES = YES;
				CLANG_ENABLE_OBJC_ARC = YES;
				CLANG_ENABLE_OBJC_WEAK = YES;
				CLANG_WARN_BLOCK_CAPTURE_AUTORELEASING = YES;
				CLANG_WARN_BOOL_CONVERSION = YES;
				CLANG_WARN_COMMA = YES;
				CLANG_WARN_CONSTANT_CONVERSION = YES;
				CLANG_WARN_DEPRECATED_OBJC_IMPLEMENTATIONS = YES;
				CLANG_WARN_DIRECT_OBJC_ISA_USAGE = YES_ERROR;
				CLANG_WARN_DOCUMENTATION_COMMENTS = YES;
				CLANG_WARN_EMPTY_BODY = YES;
				CLANG_WARN_ENUM_CONVERSION = YES;
				CLANG_WARN_INFINITE_RECURSION = YES;
				CLANG_WARN_INT_CONVERSION = YES;
				CLANG_WARN_NON_LITERAL_NULL_CONVERSION = YES;
				CLANG_WARN_OBJC_IMPLICIT_RETAIN_SELF = YES;
				CLANG_WARN_OBJC_LITERAL_CONVERSION = YES;
				CLANG_WARN_OBJC_ROOT_CLASS = YES_ERROR;
				CLANG_WARN_QUOTED_INCLUDE_IN_FRAMEWORK_HEADER = YES;
				CLANG_WARN_RANGE_LOOP_ANALYSIS = YES;
				CLANG_WARN_STRICT_PROTOTYPES = YES;
				CLANG_WARN_SUSPICIOUS_MOVE = YES;
				CLANG_WARN_UNGUARDED_AVAILABILITY = YES_AGGRESSIVE;
				CLANG_WARN_UNREACHABLE_CODE = YES;
				CLANG_WARN__DUPLICATE_METHOD_MATCH = YES;
				COPY_PHASE_STRIP = NO;
				DEBUG_INFORMATION_FORMAT = "dwarf-with-dsym";
				ENABLE_NS_ASSERTIONS = NO;
				ENABLE_STRICT_OBJC_MSGSEND = YES;
				GCC_C_LANGUAGE_STANDARD = gnu11;
				GCC_NO_COMMON_BLOCKS = YES;
				GCC_WARN_64_TO_32_BIT_CONVERSION = YES;
				GCC_WARN_ABOUT_RETURN_TYPE = YES_ERROR;
				GCC_WARN_UNDECLARED_SELECTOR = YES;
				GCC_WARN_UNINITIALIZED_AUTOS = YES_AGGRESSIVE;
				GCC_WARN_UNUSED_FUNCTION = YES;
				GCC_WARN_UNUSED_VARIABLE = YES;
				IPHONEOS_DEPLOYMENT_TARGET = 15.5;
				MTL_ENABLE_DEBUG_INFO = NO;
				MTL_FAST_MATH = YES;
				SDKROOT = iphoneos;
				SWIFT_COMPILATION_MODE = wholemodule;
				SWIFT_OPTIMIZATION_LEVEL = "-O";
				VALIDATE_PRODUCT = YES;
			};
			name = Release;
		};
		8DDA936A29089C4A00DEC85D /* Debug */ = {
			isa = XCBuildConfiguration;
			baseConfigurationReference = 6FE37F2D51F3031F3AD297CE /* Pods-App do chucknorris.debug.xcconfig */;
			buildSettings = {
				ASSETCATALOG_COMPILER_APPICON_NAME = AppIcon;
				ASSETCATALOG_COMPILER_GLOBAL_ACCENT_COLOR_NAME = AccentColor;
				CODE_SIGN_STYLE = Automatic;
				CURRENT_PROJECT_VERSION = 1;
				DEVELOPMENT_TEAM = Q9ZFUZP398;
				GENERATE_INFOPLIST_FILE = YES;
				INFOPLIST_FILE = "App do chucknorris/Info.plist";
				INFOPLIST_KEY_UIApplicationSupportsIndirectInputEvents = YES;
				INFOPLIST_KEY_UILaunchStoryboardName = LaunchScreen;
				INFOPLIST_KEY_UIMainStoryboardFile = Main;
				INFOPLIST_KEY_UISupportedInterfaceOrientations_iPad = "UIInterfaceOrientationPortrait UIInterfaceOrientationPortraitUpsideDown UIInterfaceOrientationLandscapeLeft UIInterfaceOrientationLandscapeRight";
				INFOPLIST_KEY_UISupportedInterfaceOrientations_iPhone = "UIInterfaceOrientationPortrait UIInterfaceOrientationLandscapeLeft UIInterfaceOrientationLandscapeRight";
				LD_RUNPATH_SEARCH_PATHS = (
					"$(inherited)",
					"@executable_path/Frameworks",
				);
				MARKETING_VERSION = 1.0;
				PRODUCT_BUNDLE_IDENTIFIER = "Wesley-Yu.App-do-chucknorris";
				PRODUCT_NAME = "$(TARGET_NAME)";
				SWIFT_EMIT_LOC_STRINGS = YES;
				SWIFT_VERSION = 5.0;
				TARGETED_DEVICE_FAMILY = "1,2";
			};
			name = Debug;
		};
		8DDA936B29089C4A00DEC85D /* Release */ = {
			isa = XCBuildConfiguration;
			baseConfigurationReference = ED7EAC63AC4F4519FA2D2FB6 /* Pods-App do chucknorris.release.xcconfig */;
			buildSettings = {
				ASSETCATALOG_COMPILER_APPICON_NAME = AppIcon;
				ASSETCATALOG_COMPILER_GLOBAL_ACCENT_COLOR_NAME = AccentColor;
				CODE_SIGN_STYLE = Automatic;
				CURRENT_PROJECT_VERSION = 1;
				DEVELOPMENT_TEAM = Q9ZFUZP398;
				GENERATE_INFOPLIST_FILE = YES;
				INFOPLIST_FILE = "App do chucknorris/Info.plist";
				INFOPLIST_KEY_UIApplicationSupportsIndirectInputEvents = YES;
				INFOPLIST_KEY_UILaunchStoryboardName = LaunchScreen;
				INFOPLIST_KEY_UIMainStoryboardFile = Main;
				INFOPLIST_KEY_UISupportedInterfaceOrientations_iPad = "UIInterfaceOrientationPortrait UIInterfaceOrientationPortraitUpsideDown UIInterfaceOrientationLandscapeLeft UIInterfaceOrientationLandscapeRight";
				INFOPLIST_KEY_UISupportedInterfaceOrientations_iPhone = "UIInterfaceOrientationPortrait UIInterfaceOrientationLandscapeLeft UIInterfaceOrientationLandscapeRight";
				LD_RUNPATH_SEARCH_PATHS = (
					"$(inherited)",
					"@executable_path/Frameworks",
				);
				MARKETING_VERSION = 1.0;
				PRODUCT_BUNDLE_IDENTIFIER = "Wesley-Yu.App-do-chucknorris";
				PRODUCT_NAME = "$(TARGET_NAME)";
				SWIFT_EMIT_LOC_STRINGS = YES;
				SWIFT_VERSION = 5.0;
				TARGETED_DEVICE_FAMILY = "1,2";
			};
			name = Release;
		};
/* End XCBuildConfiguration section */

/* Begin XCConfigurationList section */
		8DDA935029089C4500DEC85D /* Build configuration list for PBXProject "App do chucknorris" */ = {
			isa = XCConfigurationList;
			buildConfigurations = (
				8DDA936729089C4A00DEC85D /* Debug */,
				8DDA936829089C4A00DEC85D /* Release */,
			);
			defaultConfigurationIsVisible = 0;
			defaultConfigurationName = Release;
		};
		8DDA936929089C4A00DEC85D /* Build configuration list for PBXNativeTarget "App do chucknorris" */ = {
			isa = XCConfigurationList;
			buildConfigurations = (
				8DDA936A29089C4A00DEC85D /* Debug */,
				8DDA936B29089C4A00DEC85D /* Release */,
			);
			defaultConfigurationIsVisible = 0;
			defaultConfigurationName = Release;
		};
/* End XCConfigurationList section */
	};
	rootObject = 8DDA934D29089C4500DEC85D /* Project object */;
}
